PODS:
  - Alamofire (4.9.1)
  - Kingfisher (4.8.1)
  - MobileVLCKit (3.3.16.3)
  - SnapKit (4.0.1)
  - XCDYouTubeKit (2.15.2)

DEPENDENCIES:
  - Alamofire
  - Kingfisher
  - MobileVLCKit
  - SnapKit
  - XCDYouTubeKit

SPEC REPOS:
  trunk:
    - Alamofire
    - Kingfisher
    - MobileVLCKit
    - SnapKit
    - XCDYouTubeKit

SPEC CHECKSUMS:
  Alamofire: 85e8a02c69d6020a0d734f6054870d7ecb75cf18
  Kingfisher: 868c1149679a7ab6869be118faa9b5aed154aaf0
  MobileVLCKit: 2b408a9c5cc327353afab418fafbc942780b248a
  SnapKit: 0de968a9fec17499afa29683b05d0c775b6d1c29
  XCDYouTubeKit: b120aced3d8638ffb570c5450cddb5a1dac448c7

PODFILE CHECKSUM: 2c4cc9cb37684044b7c7f8544c395220e6ab30a1

COCOAPODS: 1.10.1
