PODS:
  - Alamofire (4.7.3)
  - Kingfisher (4.8.1)
  - MobileVLCKit (3.1.5)
  - SnapKit (4.0.1)
  - XCDYouTubeKit (2.6.0)

DEPENDENCIES:
  - Alamofire (~> 4.7)
  - Kingfisher (~> 4.8.1)
  - MobileVLCKit
  - SnapKit (~> 4.0.0)
  - XCDYouTubeKit (~> 2.6)

SPEC REPOS:
  https://github.com/cocoapods/specs.git:
    - Alamofire
    - Kingfisher
    - MobileVLCKit
    - SnapKit
    - XCDYouTubeKit

SPEC CHECKSUMS:
  Alamofire: c7287b6e5d7da964a70935e5db17046b7fde6568
  Kingfisher: 868c1149679a7ab6869be118faa9b5aed154aaf0
  MobileVLCKit: 4d44e56380d0ee41c76f9ec7015d3a4b62a963a3
  SnapKit: 0de968a9fec17499afa29683b05d0c775b6d1c29
  XCDYouTubeKit: 76f14b161e9563541a3674b6b5bfb61c4b72b269

PODFILE CHECKSUM: 4a5baf8e45b69690103701387fa294d1adca6c31

COCOAPODS: 1.5.3
