// !$*UTF8*$!
{
	archiveVersion = 1;
	classes = {
	};
	objectVersion = 50;
	objects = {

/* Begin PBXBuildFile section */
		93F702F9DA8FB04920611713 /* Pods_Reddit_GalleryUITests.framework in Frameworks */ = {isa = PBXBuildFile; fileRef = 883285E37B320C279314F39F /* Pods_Reddit_GalleryUITests.framework */; };
		B227793A1C06D0B870FD8E8D /* Pods_Reddit_Gallery.framework in Frameworks */ = {isa = PBXBuildFile; fileRef = 1E4C6D2FC21DE94F7825D2E7 /* Pods_Reddit_Gallery.framework */; };
		DEBB82F398E51E80FD7D7561 /* Pods_Reddit_GalleryTests.framework in Frameworks */ = {isa = PBXBuildFile; fileRef = 40B5D8BD17A0B85658FC0C42 /* Pods_Reddit_GalleryTests.framework */; };
		ED705ACF218507C3005D0B17 /* AppDelegate.swift in Sources */ = {isa = PBXBuildFile; fileRef = ED705ACE218507C3005D0B17 /* AppDelegate.swift */; };
		ED705AD1218507C3005D0B17 /* ViewController.swift in Sources */ = {isa = PBXBuildFile; fileRef = ED705AD0218507C3005D0B17 /* ViewController.swift */; };
		ED705AD4218507C3005D0B17 /* Main.storyboard in Resources */ = {isa = PBXBuildFile; fileRef = ED705AD2218507C3005D0B17 /* Main.storyboard */; };
		ED705AD6218507C4005D0B17 /* Assets.xcassets in Resources */ = {isa = PBXBuildFile; fileRef = ED705AD5218507C4005D0B17 /* Assets.xcassets */; };
		ED705AD9218507C4005D0B17 /* LaunchScreen.storyboard in Resources */ = {isa = PBXBuildFile; fileRef = ED705AD7218507C4005D0B17 /* LaunchScreen.storyboard */; };
		ED705AE4218507C4005D0B17 /* Reddit_GalleryTests.swift in Sources */ = {isa = PBXBuildFile; fileRef = ED705AE3218507C4005D0B17 /* Reddit_GalleryTests.swift */; };
		ED705AEF218507C4005D0B17 /* Reddit_GalleryUITests.swift in Sources */ = {isa = PBXBuildFile; fileRef = ED705AEE218507C4005D0B17 /* Reddit_GalleryUITests.swift */; };
		ED705AFD21851018005D0B17 /* SubRedditDecode.swift in Sources */ = {isa = PBXBuildFile; fileRef = ED705AFC21851018005D0B17 /* SubRedditDecode.swift */; };
		ED705AFF21855028005D0B17 /* Post.swift in Sources */ = {isa = PBXBuildFile; fileRef = ED705AFE21855028005D0B17 /* Post.swift */; };
		ED705B0121855151005D0B17 /* RedditApi.swift in Sources */ = {isa = PBXBuildFile; fileRef = ED705B0021855151005D0B17 /* RedditApi.swift */; };
		ED705B03218556FC005D0B17 /* MediaTable.swift in Sources */ = {isa = PBXBuildFile; fileRef = ED705B02218556FC005D0B17 /* MediaTable.swift */; };
		ED705B0521855711005D0B17 /* MediaTableCell.swift in Sources */ = {isa = PBXBuildFile; fileRef = ED705B0421855711005D0B17 /* MediaTableCell.swift */; };
/* End PBXBuildFile section */

/* Begin PBXContainerItemProxy section */
		ED705AE0218507C4005D0B17 /* PBXContainerItemProxy */ = {
			isa = PBXContainerItemProxy;
			containerPortal = ED705AC3218507C3005D0B17 /* Project object */;
			proxyType = 1;
			remoteGlobalIDString = ED705ACA218507C3005D0B17;
			remoteInfo = "Reddit-Gallery";
		};
		ED705AEB218507C4005D0B17 /* PBXContainerItemProxy */ = {
			isa = PBXContainerItemProxy;
			containerPortal = ED705AC3218507C3005D0B17 /* Project object */;
			proxyType = 1;
			remoteGlobalIDString = ED705ACA218507C3005D0B17;
			remoteInfo = "Reddit-Gallery";
		};
/* End PBXContainerItemProxy section */

/* Begin PBXFileReference section */
		10D947ED3C0CE9E12C994A06 /* Pods-Reddit-Gallery.debug.xcconfig */ = {isa = PBXFileReference; includeInIndex = 1; lastKnownFileType = text.xcconfig; name = "Pods-Reddit-Gallery.debug.xcconfig"; path = "Pods/Target Support Files/Pods-Reddit-Gallery/Pods-Reddit-Gallery.debug.xcconfig"; sourceTree = "<group>"; };
		1E4C6D2FC21DE94F7825D2E7 /* Pods_Reddit_Gallery.framework */ = {isa = PBXFileReference; explicitFileType = wrapper.framework; includeInIndex = 0; path = Pods_Reddit_Gallery.framework; sourceTree = BUILT_PRODUCTS_DIR; };
		20360110EB1EAB168B5F0AED /* Pods-Reddit-GalleryUITests.debug.xcconfig */ = {isa = PBXFileReference; includeInIndex = 1; lastKnownFileType = text.xcconfig; name = "Pods-Reddit-GalleryUITests.debug.xcconfig"; path = "Pods/Target Support Files/Pods-Reddit-GalleryUITests/Pods-Reddit-GalleryUITests.debug.xcconfig"; sourceTree = "<group>"; };
		40B5D8BD17A0B85658FC0C42 /* Pods_Reddit_GalleryTests.framework */ = {isa = PBXFileReference; explicitFileType = wrapper.framework; includeInIndex = 0; path = Pods_Reddit_GalleryTests.framework; sourceTree = BUILT_PRODUCTS_DIR; };
		865F71128FF08EC23EEE10F9 /* Pods-Reddit-GalleryTests.release.xcconfig */ = {isa = PBXFileReference; includeInIndex = 1; lastKnownFileType = text.xcconfig; name = "Pods-Reddit-GalleryTests.release.xcconfig"; path = "Pods/Target Support Files/Pods-Reddit-GalleryTests/Pods-Reddit-GalleryTests.release.xcconfig"; sourceTree = "<group>"; };
		883285E37B320C279314F39F /* Pods_Reddit_GalleryUITests.framework */ = {isa = PBXFileReference; explicitFileType = wrapper.framework; includeInIndex = 0; path = Pods_Reddit_GalleryUITests.framework; sourceTree = BUILT_PRODUCTS_DIR; };
		9A7522035CA98805DA4BE17E /* Pods-Reddit-Gallery.release.xcconfig */ = {isa = PBXFileReference; includeInIndex = 1; lastKnownFileType = text.xcconfig; name = "Pods-Reddit-Gallery.release.xcconfig"; path = "Pods/Target Support Files/Pods-Reddit-Gallery/Pods-Reddit-Gallery.release.xcconfig"; sourceTree = "<group>"; };
		BE09D1C7A41D0E3679EB7C27 /* Pods-Reddit-GalleryTests.debug.xcconfig */ = {isa = PBXFileReference; includeInIndex = 1; lastKnownFileType = text.xcconfig; name = "Pods-Reddit-GalleryTests.debug.xcconfig"; path = "Pods/Target Support Files/Pods-Reddit-GalleryTests/Pods-Reddit-GalleryTests.debug.xcconfig"; sourceTree = "<group>"; };
		D1A1DFC28026FE7DC2418C59 /* Pods-Reddit-GalleryUITests.release.xcconfig */ = {isa = PBXFileReference; includeInIndex = 1; lastKnownFileType = text.xcconfig; name = "Pods-Reddit-GalleryUITests.release.xcconfig"; path = "Pods/Target Support Files/Pods-Reddit-GalleryUITests/Pods-Reddit-GalleryUITests.release.xcconfig"; sourceTree = "<group>"; };
		ED705ACB218507C3005D0B17 /* Reddit-Gallery.app */ = {isa = PBXFileReference; explicitFileType = wrapper.application; includeInIndex = 0; path = "Reddit-Gallery.app"; sourceTree = BUILT_PRODUCTS_DIR; };
		ED705ACE218507C3005D0B17 /* AppDelegate.swift */ = {isa = PBXFileReference; lastKnownFileType = sourcecode.swift; path = AppDelegate.swift; sourceTree = "<group>"; };
		ED705AD0218507C3005D0B17 /* ViewController.swift */ = {isa = PBXFileReference; lastKnownFileType = sourcecode.swift; path = ViewController.swift; sourceTree = "<group>"; };
		ED705AD3218507C3005D0B17 /* Base */ = {isa = PBXFileReference; lastKnownFileType = file.storyboard; name = Base; path = Base.lproj/Main.storyboard; sourceTree = "<group>"; };
		ED705AD5218507C4005D0B17 /* Assets.xcassets */ = {isa = PBXFileReference; lastKnownFileType = folder.assetcatalog; path = Assets.xcassets; sourceTree = "<group>"; };
		ED705AD8218507C4005D0B17 /* Base */ = {isa = PBXFileReference; lastKnownFileType = file.storyboard; name = Base; path = Base.lproj/LaunchScreen.storyboard; sourceTree = "<group>"; };
		ED705ADA218507C4005D0B17 /* Info.plist */ = {isa = PBXFileReference; lastKnownFileType = text.plist.xml; path = Info.plist; sourceTree = "<group>"; };
		ED705ADF218507C4005D0B17 /* Reddit-GalleryTests.xctest */ = {isa = PBXFileReference; explicitFileType = wrapper.cfbundle; includeInIndex = 0; path = "Reddit-GalleryTests.xctest"; sourceTree = BUILT_PRODUCTS_DIR; };
		ED705AE3218507C4005D0B17 /* Reddit_GalleryTests.swift */ = {isa = PBXFileReference; lastKnownFileType = sourcecode.swift; path = Reddit_GalleryTests.swift; sourceTree = "<group>"; };
		ED705AE5218507C4005D0B17 /* Info.plist */ = {isa = PBXFileReference; lastKnownFileType = text.plist.xml; path = Info.plist; sourceTree = "<group>"; };
		ED705AEA218507C4005D0B17 /* Reddit-GalleryUITests.xctest */ = {isa = PBXFileReference; explicitFileType = wrapper.cfbundle; includeInIndex = 0; path = "Reddit-GalleryUITests.xctest"; sourceTree = BUILT_PRODUCTS_DIR; };
		ED705AEE218507C4005D0B17 /* Reddit_GalleryUITests.swift */ = {isa = PBXFileReference; lastKnownFileType = sourcecode.swift; path = Reddit_GalleryUITests.swift; sourceTree = "<group>"; };
		ED705AF0218507C4005D0B17 /* Info.plist */ = {isa = PBXFileReference; lastKnownFileType = text.plist.xml; path = Info.plist; sourceTree = "<group>"; };
		ED705AFC21851018005D0B17 /* SubRedditDecode.swift */ = {isa = PBXFileReference; lastKnownFileType = sourcecode.swift; path = SubRedditDecode.swift; sourceTree = "<group>"; };
		ED705AFE21855028005D0B17 /* Post.swift */ = {isa = PBXFileReference; lastKnownFileType = sourcecode.swift; path = Post.swift; sourceTree = "<group>"; };
		ED705B0021855151005D0B17 /* RedditApi.swift */ = {isa = PBXFileReference; lastKnownFileType = sourcecode.swift; path = RedditApi.swift; sourceTree = "<group>"; };
		ED705B02218556FC005D0B17 /* MediaTable.swift */ = {isa = PBXFileReference; lastKnownFileType = sourcecode.swift; path = MediaTable.swift; sourceTree = "<group>"; };
		ED705B0421855711005D0B17 /* MediaTableCell.swift */ = {isa = PBXFileReference; lastKnownFileType = sourcecode.swift; path = MediaTableCell.swift; sourceTree = "<group>"; };
/* End PBXFileReference section */

/* Begin PBXFrameworksBuildPhase section */
		ED705AC8218507C3005D0B17 /* Frameworks */ = {
			isa = PBXFrameworksBuildPhase;
			buildActionMask = 2147483647;
			files = (
				B227793A1C06D0B870FD8E8D /* Pods_Reddit_Gallery.framework in Frameworks */,
			);
			runOnlyForDeploymentPostprocessing = 0;
		};
		ED705ADC218507C4005D0B17 /* Frameworks */ = {
			isa = PBXFrameworksBuildPhase;
			buildActionMask = 2147483647;
			files = (
				DEBB82F398E51E80FD7D7561 /* Pods_Reddit_GalleryTests.framework in Frameworks */,
			);
			runOnlyForDeploymentPostprocessing = 0;
		};
		ED705AE7218507C4005D0B17 /* Frameworks */ = {
			isa = PBXFrameworksBuildPhase;
			buildActionMask = 2147483647;
			files = (
				93F702F9DA8FB04920611713 /* Pods_Reddit_GalleryUITests.framework in Frameworks */,
			);
			runOnlyForDeploymentPostprocessing = 0;
		};
/* End PBXFrameworksBuildPhase section */

/* Begin PBXGroup section */
		268BE6F9097C2AC372F39F42 /* Frameworks */ = {
			isa = PBXGroup;
			children = (
				1E4C6D2FC21DE94F7825D2E7 /* Pods_Reddit_Gallery.framework */,
				40B5D8BD17A0B85658FC0C42 /* Pods_Reddit_GalleryTests.framework */,
				883285E37B320C279314F39F /* Pods_Reddit_GalleryUITests.framework */,
			);
			name = Frameworks;
			sourceTree = "<group>";
		};
		71C594450B07E95BE21AA74F /* Pods */ = {
			isa = PBXGroup;
			children = (
				10D947ED3C0CE9E12C994A06 /* Pods-Reddit-Gallery.debug.xcconfig */,
				9A7522035CA98805DA4BE17E /* Pods-Reddit-Gallery.release.xcconfig */,
				BE09D1C7A41D0E3679EB7C27 /* Pods-Reddit-GalleryTests.debug.xcconfig */,
				865F71128FF08EC23EEE10F9 /* Pods-Reddit-GalleryTests.release.xcconfig */,
				20360110EB1EAB168B5F0AED /* Pods-Reddit-GalleryUITests.debug.xcconfig */,
				D1A1DFC28026FE7DC2418C59 /* Pods-Reddit-GalleryUITests.release.xcconfig */,
			);
			name = Pods;
			sourceTree = "<group>";
		};
		ED705AC2218507C3005D0B17 = {
			isa = PBXGroup;
			children = (
				ED705ACD218507C3005D0B17 /* Reddit-Gallery */,
				ED705AE2218507C4005D0B17 /* Reddit-GalleryTests */,
				ED705AED218507C4005D0B17 /* Reddit-GalleryUITests */,
				ED705ACC218507C3005D0B17 /* Products */,
				71C594450B07E95BE21AA74F /* Pods */,
				268BE6F9097C2AC372F39F42 /* Frameworks */,
			);
			sourceTree = "<group>";
		};
		ED705ACC218507C3005D0B17 /* Products */ = {
			isa = PBXGroup;
			children = (
				ED705ACB218507C3005D0B17 /* Reddit-Gallery.app */,
				ED705ADF218507C4005D0B17 /* Reddit-GalleryTests.xctest */,
				ED705AEA218507C4005D0B17 /* Reddit-GalleryUITests.xctest */,
			);
			name = Products;
			sourceTree = "<group>";
		};
		ED705ACD218507C3005D0B17 /* Reddit-Gallery */ = {
			isa = PBXGroup;
			children = (
				ED705ACE218507C3005D0B17 /* AppDelegate.swift */,
				ED705B0421855711005D0B17 /* MediaTableCell.swift */,
				ED705B02218556FC005D0B17 /* MediaTable.swift */,
				ED705AD0218507C3005D0B17 /* ViewController.swift */,
				ED705B0021855151005D0B17 /* RedditApi.swift */,
				ED705AFC21851018005D0B17 /* SubRedditDecode.swift */,
				ED705AFE21855028005D0B17 /* Post.swift */,
				ED705AD2218507C3005D0B17 /* Main.storyboard */,
				ED705AD5218507C4005D0B17 /* Assets.xcassets */,
				ED705AD7218507C4005D0B17 /* LaunchScreen.storyboard */,
				ED705ADA218507C4005D0B17 /* Info.plist */,
			);
			path = "Reddit-Gallery";
			sourceTree = "<group>";
		};
		ED705AE2218507C4005D0B17 /* Reddit-GalleryTests */ = {
			isa = PBXGroup;
			children = (
				ED705AE3218507C4005D0B17 /* Reddit_GalleryTests.swift */,
				ED705AE5218507C4005D0B17 /* Info.plist */,
			);
			path = "Reddit-GalleryTests";
			sourceTree = "<group>";
		};
		ED705AED218507C4005D0B17 /* Reddit-GalleryUITests */ = {
			isa = PBXGroup;
			children = (
				ED705AEE218507C4005D0B17 /* Reddit_GalleryUITests.swift */,
				ED705AF0218507C4005D0B17 /* Info.plist */,
			);
			path = "Reddit-GalleryUITests";
			sourceTree = "<group>";
		};
/* End PBXGroup section */

/* Begin PBXNativeTarget section */
		ED705ACA218507C3005D0B17 /* Reddit-Gallery */ = {
			isa = PBXNativeTarget;
			buildConfigurationList = ED705AF3218507C4005D0B17 /* Build configuration list for PBXNativeTarget "Reddit-Gallery" */;
			buildPhases = (
				9829870C7533B19974CF9A4F /* [CP] Check Pods Manifest.lock */,
				ED705AC7218507C3005D0B17 /* Sources */,
				ED705AC8218507C3005D0B17 /* Frameworks */,
				ED705AC9218507C3005D0B17 /* Resources */,
				77D7BEE385572E0CB09F587C /* [CP] Embed Pods Frameworks */,
			);
			buildRules = (
			);
			dependencies = (
			);
			name = "Reddit-Gallery";
			productName = "Reddit-Gallery";
			productReference = ED705ACB218507C3005D0B17 /* Reddit-Gallery.app */;
			productType = "com.apple.product-type.application";
		};
		ED705ADE218507C4005D0B17 /* Reddit-GalleryTests */ = {
			isa = PBXNativeTarget;
			buildConfigurationList = ED705AF6218507C4005D0B17 /* Build configuration list for PBXNativeTarget "Reddit-GalleryTests" */;
			buildPhases = (
				6804F371AE982ADFAC33B14D /* [CP] Check Pods Manifest.lock */,
				ED705ADB218507C4005D0B17 /* Sources */,
				ED705ADC218507C4005D0B17 /* Frameworks */,
				ED705ADD218507C4005D0B17 /* Resources */,
			);
			buildRules = (
			);
			dependencies = (
				ED705AE1218507C4005D0B17 /* PBXTargetDependency */,
			);
			name = "Reddit-GalleryTests";
			productName = "Reddit-GalleryTests";
			productReference = ED705ADF218507C4005D0B17 /* Reddit-GalleryTests.xctest */;
			productType = "com.apple.product-type.bundle.unit-test";
		};
		ED705AE9218507C4005D0B17 /* Reddit-GalleryUITests */ = {
			isa = PBXNativeTarget;
			buildConfigurationList = ED705AF9218507C4005D0B17 /* Build configuration list for PBXNativeTarget "Reddit-GalleryUITests" */;
			buildPhases = (
				F90497F7878CAE5A90A8618C /* [CP] Check Pods Manifest.lock */,
				ED705AE6218507C4005D0B17 /* Sources */,
				ED705AE7218507C4005D0B17 /* Frameworks */,
				ED705AE8218507C4005D0B17 /* Resources */,
			);
			buildRules = (
			);
			dependencies = (
				ED705AEC218507C4005D0B17 /* PBXTargetDependency */,
			);
			name = "Reddit-GalleryUITests";
			productName = "Reddit-GalleryUITests";
			productReference = ED705AEA218507C4005D0B17 /* Reddit-GalleryUITests.xctest */;
			productType = "com.apple.product-type.bundle.ui-testing";
		};
/* End PBXNativeTarget section */

/* Begin PBXProject section */
		ED705AC3218507C3005D0B17 /* Project object */ = {
			isa = PBXProject;
			attributes = {
				LastSwiftUpdateCheck = 1000;
				LastUpgradeCheck = 1000;
				ORGANIZATIONNAME = "J Tan";
				TargetAttributes = {
					ED705ACA218507C3005D0B17 = {
						CreatedOnToolsVersion = 10.0;
					};
					ED705ADE218507C4005D0B17 = {
						CreatedOnToolsVersion = 10.0;
						TestTargetID = ED705ACA218507C3005D0B17;
					};
					ED705AE9218507C4005D0B17 = {
						CreatedOnToolsVersion = 10.0;
						TestTargetID = ED705ACA218507C3005D0B17;
					};
				};
			};
			buildConfigurationList = ED705AC6218507C3005D0B17 /* Build configuration list for PBXProject "Reddit-Gallery" */;
			compatibilityVersion = "Xcode 9.3";
			developmentRegion = en;
			hasScannedForEncodings = 0;
			knownRegions = (
				en,
				Base,
			);
			mainGroup = ED705AC2218507C3005D0B17;
			productRefGroup = ED705ACC218507C3005D0B17 /* Products */;
			projectDirPath = "";
			projectRoot = "";
			targets = (
				ED705ACA218507C3005D0B17 /* Reddit-Gallery */,
				ED705ADE218507C4005D0B17 /* Reddit-GalleryTests */,
				ED705AE9218507C4005D0B17 /* Reddit-GalleryUITests */,
			);
		};
/* End PBXProject section */

/* Begin PBXResourcesBuildPhase section */
		ED705AC9218507C3005D0B17 /* Resources */ = {
			isa = PBXResourcesBuildPhase;
			buildActionMask = 2147483647;
			files = (
				ED705AD9218507C4005D0B17 /* LaunchScreen.storyboard in Resources */,
				ED705AD6218507C4005D0B17 /* Assets.xcassets in Resources */,
				ED705AD4218507C3005D0B17 /* Main.storyboard in Resources */,
			);
			runOnlyForDeploymentPostprocessing = 0;
		};
		ED705ADD218507C4005D0B17 /* Resources */ = {
			isa = PBXResourcesBuildPhase;
			buildActionMask = 2147483647;
			files = (
			);
			runOnlyForDeploymentPostprocessing = 0;
		};
		ED705AE8218507C4005D0B17 /* Resources */ = {
			isa = PBXResourcesBuildPhase;
			buildActionMask = 2147483647;
			files = (
			);
			runOnlyForDeploymentPostprocessing = 0;
		};
/* End PBXResourcesBuildPhase section */

/* Begin PBXShellScriptBuildPhase section */
		6804F371AE982ADFAC33B14D /* [CP] Check Pods Manifest.lock */ = {
			isa = PBXShellScriptBuildPhase;
			buildActionMask = 2147483647;
			files = (
			);
			inputFileListPaths = (
			);
			inputPaths = (
				"${PODS_PODFILE_DIR_PATH}/Podfile.lock",
				"${PODS_ROOT}/Manifest.lock",
			);
			name = "[CP] Check Pods Manifest.lock";
			outputFileListPaths = (
			);
			outputPaths = (
				"$(DERIVED_FILE_DIR)/Pods-Reddit-GalleryTests-checkManifestLockResult.txt",
			);
			runOnlyForDeploymentPostprocessing = 0;
			shellPath = /bin/sh;
			shellScript = "diff \"${PODS_PODFILE_DIR_PATH}/Podfile.lock\" \"${PODS_ROOT}/Manifest.lock\" > /dev/null\nif [ $? != 0 ] ; then\n    # print error to STDERR\n    echo \"error: The sandbox is not in sync with the Podfile.lock. Run 'pod install' or update your CocoaPods installation.\" >&2\n    exit 1\nfi\n# This output is used by Xcode 'outputs' to avoid re-running this script phase.\necho \"SUCCESS\" > \"${SCRIPT_OUTPUT_FILE_0}\"\n";
			showEnvVarsInLog = 0;
		};
		77D7BEE385572E0CB09F587C /* [CP] Embed Pods Frameworks */ = {
			isa = PBXShellScriptBuildPhase;
			buildActionMask = 2147483647;
			files = (
			);
			inputFileListPaths = (
			);
			inputPaths = (
				"${SRCROOT}/Pods/Target Support Files/Pods-Reddit-Gallery/Pods-Reddit-Gallery-frameworks.sh",
				"${BUILT_PRODUCTS_DIR}/Alamofire/Alamofire.framework",
				"${BUILT_PRODUCTS_DIR}/Kingfisher/Kingfisher.framework",
				"${BUILT_PRODUCTS_DIR}/SnapKit/SnapKit.framework",
			);
			name = "[CP] Embed Pods Frameworks";
			outputFileListPaths = (
			);
			outputPaths = (
				"${TARGET_BUILD_DIR}/${FRAMEWORKS_FOLDER_PATH}/Alamofire.framework",
				"${TARGET_BUILD_DIR}/${FRAMEWORKS_FOLDER_PATH}/Kingfisher.framework",
				"${TARGET_BUILD_DIR}/${FRAMEWORKS_FOLDER_PATH}/SnapKit.framework",
			);
			runOnlyForDeploymentPostprocessing = 0;
			shellPath = /bin/sh;
			shellScript = "\"${SRCROOT}/Pods/Target Support Files/Pods-Reddit-Gallery/Pods-Reddit-Gallery-frameworks.sh\"\n";
			showEnvVarsInLog = 0;
		};
		9829870C7533B19974CF9A4F /* [CP] Check Pods Manifest.lock */ = {
			isa = PBXShellScriptBuildPhase;
			buildActionMask = 2147483647;
			files = (
			);
			inputFileListPaths = (
			);
			inputPaths = (
				"${PODS_PODFILE_DIR_PATH}/Podfile.lock",
				"${PODS_ROOT}/Manifest.lock",
			);
			name = "[CP] Check Pods Manifest.lock";
			outputFileListPaths = (
			);
			outputPaths = (
				"$(DERIVED_FILE_DIR)/Pods-Reddit-Gallery-checkManifestLockResult.txt",
			);
			runOnlyForDeploymentPostprocessing = 0;
			shellPath = /bin/sh;
			shellScript = "diff \"${PODS_PODFILE_DIR_PATH}/Podfile.lock\" \"${PODS_ROOT}/Manifest.lock\" > /dev/null\nif [ $? != 0 ] ; then\n    # print error to STDERR\n    echo \"error: The sandbox is not in sync with the Podfile.lock. Run 'pod install' or update your CocoaPods installation.\" >&2\n    exit 1\nfi\n# This output is used by Xcode 'outputs' to avoid re-running this script phase.\necho \"SUCCESS\" > \"${SCRIPT_OUTPUT_FILE_0}\"\n";
			showEnvVarsInLog = 0;
		};
		F90497F7878CAE5A90A8618C /* [CP] Check Pods Manifest.lock */ = {
			isa = PBXShellScriptBuildPhase;
			buildActionMask = 2147483647;
			files = (
			);
			inputFileListPaths = (
			);
			inputPaths = (
				"${PODS_PODFILE_DIR_PATH}/Podfile.lock",
				"${PODS_ROOT}/Manifest.lock",
			);
			name = "[CP] Check Pods Manifest.lock";
			outputFileListPaths = (
			);
			outputPaths = (
				"$(DERIVED_FILE_DIR)/Pods-Reddit-GalleryUITests-checkManifestLockResult.txt",
			);
			runOnlyForDeploymentPostprocessing = 0;
			shellPath = /bin/sh;
			shellScript = "diff \"${PODS_PODFILE_DIR_PATH}/Podfile.lock\" \"${PODS_ROOT}/Manifest.lock\" > /dev/null\nif [ $? != 0 ] ; then\n    # print error to STDERR\n    echo \"error: The sandbox is not in sync with the Podfile.lock. Run 'pod install' or update your CocoaPods installation.\" >&2\n    exit 1\nfi\n# This output is used by Xcode 'outputs' to avoid re-running this script phase.\necho \"SUCCESS\" > \"${SCRIPT_OUTPUT_FILE_0}\"\n";
			showEnvVarsInLog = 0;
		};
/* End PBXShellScriptBuildPhase section */

/* Begin PBXSourcesBuildPhase section */
		ED705AC7218507C3005D0B17 /* Sources */ = {
			isa = PBXSourcesBuildPhase;
			buildActionMask = 2147483647;
			files = (
				ED705AFD21851018005D0B17 /* SubRedditDecode.swift in Sources */,
				ED705B0521855711005D0B17 /* MediaTableCell.swift in Sources */,
				ED705B03218556FC005D0B17 /* MediaTable.swift in Sources */,
				ED705AD1218507C3005D0B17 /* ViewController.swift in Sources */,
				ED705ACF218507C3005D0B17 /* AppDelegate.swift in Sources */,
				ED705AFF21855028005D0B17 /* Post.swift in Sources */,
				ED705B0121855151005D0B17 /* RedditApi.swift in Sources */,
			);
			runOnlyForDeploymentPostprocessing = 0;
		};
		ED705ADB218507C4005D0B17 /* Sources */ = {
			isa = PBXSourcesBuildPhase;
			buildActionMask = 2147483647;
			files = (
				ED705AE4218507C4005D0B17 /* Reddit_GalleryTests.swift in Sources */,
			);
			runOnlyForDeploymentPostprocessing = 0;
		};
		ED705AE6218507C4005D0B17 /* Sources */ = {
			isa = PBXSourcesBuildPhase;
			buildActionMask = 2147483647;
			files = (
				ED705AEF218507C4005D0B17 /* Reddit_GalleryUITests.swift in Sources */,
			);
			runOnlyForDeploymentPostprocessing = 0;
		};
/* End PBXSourcesBuildPhase section */

/* Begin PBXTargetDependency section */
		ED705AE1218507C4005D0B17 /* PBXTargetDependency */ = {
			isa = PBXTargetDependency;
			target = ED705ACA218507C3005D0B17 /* Reddit-Gallery */;
			targetProxy = ED705AE0218507C4005D0B17 /* PBXContainerItemProxy */;
		};
		ED705AEC218507C4005D0B17 /* PBXTargetDependency */ = {
			isa = PBXTargetDependency;
			target = ED705ACA218507C3005D0B17 /* Reddit-Gallery */;
			targetProxy = ED705AEB218507C4005D0B17 /* PBXContainerItemProxy */;
		};
/* End PBXTargetDependency section */

/* Begin PBXVariantGroup section */
		ED705AD2218507C3005D0B17 /* Main.storyboard */ = {
			isa = PBXVariantGroup;
			children = (
				ED705AD3218507C3005D0B17 /* Base */,
			);
			name = Main.storyboard;
			sourceTree = "<group>";
		};
		ED705AD7218507C4005D0B17 /* LaunchScreen.storyboard */ = {
			isa = PBXVariantGroup;
			children = (
				ED705AD8218507C4005D0B17 /* Base */,
			);
			name = LaunchScreen.storyboard;
			sourceTree = "<group>";
		};
/* End PBXVariantGroup section */

/* Begin XCBuildConfiguration section */
		ED705AF1218507C4005D0B17 /* Debug */ = {
			isa = XCBuildConfiguration;
			buildSettings = {
				ALWAYS_SEARCH_USER_PATHS = NO;
				CLANG_ANALYZER_NONNULL = YES;
				CLANG_ANALYZER_NUMBER_OBJECT_CONVERSION = YES_AGGRESSIVE;
				CLANG_CXX_LANGUAGE_STANDARD = "gnu++14";
				CLANG_CXX_LIBRARY = "libc++";
				CLANG_ENABLE_MODULES = YES;
				CLANG_ENABLE_OBJC_ARC = YES;
				CLANG_ENABLE_OBJC_WEAK = YES;
				CLANG_WARN_BLOCK_CAPTURE_AUTORELEASING = YES;
				CLANG_WARN_BOOL_CONVERSION = YES;
				CLANG_WARN_COMMA = YES;
				CLANG_WARN_CONSTANT_CONVERSION = YES;
				CLANG_WARN_DEPRECATED_OBJC_IMPLEMENTATIONS = YES;
				CLANG_WARN_DIRECT_OBJC_ISA_USAGE = YES_ERROR;
				CLANG_WARN_DOCUMENTATION_COMMENTS = YES;
				CLANG_WARN_EMPTY_BODY = YES;
				CLANG_WARN_ENUM_CONVERSION = YES;
				CLANG_WARN_INFINITE_RECURSION = YES;
				CLANG_WARN_INT_CONVERSION = YES;
				CLANG_WARN_NON_LITERAL_NULL_CONVERSION = YES;
				CLANG_WARN_OBJC_IMPLICIT_RETAIN_SELF = YES;
				CLANG_WARN_OBJC_LITERAL_CONVERSION = YES;
				CLANG_WARN_OBJC_ROOT_CLASS = YES_ERROR;
				CLANG_WARN_RANGE_LOOP_ANALYSIS = YES;
				CLANG_WARN_STRICT_PROTOTYPES = YES;
				CLANG_WARN_SUSPICIOUS_MOVE = YES;
				CLANG_WARN_UNGUARDED_AVAILABILITY = YES_AGGRESSIVE;
				CLANG_WARN_UNREACHABLE_CODE = YES;
				CLANG_WARN__DUPLICATE_METHOD_MATCH = YES;
				CODE_SIGN_IDENTITY = "iPhone Developer";
				COPY_PHASE_STRIP = NO;
				DEBUG_INFORMATION_FORMAT = dwarf;
				ENABLE_STRICT_OBJC_MSGSEND = YES;
				ENABLE_TESTABILITY = YES;
				GCC_C_LANGUAGE_STANDARD = gnu11;
				GCC_DYNAMIC_NO_PIC = NO;
				GCC_NO_COMMON_BLOCKS = YES;
				GCC_OPTIMIZATION_LEVEL = 0;
				GCC_PREPROCESSOR_DEFINITIONS = (
					"DEBUG=1",
					"$(inherited)",
				);
				GCC_WARN_64_TO_32_BIT_CONVERSION = YES;
				GCC_WARN_ABOUT_RETURN_TYPE = YES_ERROR;
				GCC_WARN_UNDECLARED_SELECTOR = YES;
				GCC_WARN_UNINITIALIZED_AUTOS = YES_AGGRESSIVE;
				GCC_WARN_UNUSED_FUNCTION = YES;
				GCC_WARN_UNUSED_VARIABLE = YES;
				IPHONEOS_DEPLOYMENT_TARGET = 12.0;
				MTL_ENABLE_DEBUG_INFO = INCLUDE_SOURCE;
				MTL_FAST_MATH = YES;
				ONLY_ACTIVE_ARCH = YES;
				SDKROOT = iphoneos;
				SWIFT_ACTIVE_COMPILATION_CONDITIONS = DEBUG;
				SWIFT_OPTIMIZATION_LEVEL = "-Onone";
			};
			name = Debug;
		};
		ED705AF2218507C4005D0B17 /* Release */ = {
			isa = XCBuildConfiguration;
			buildSettings = {
				ALWAYS_SEARCH_USER_PATHS = NO;
				CLANG_ANALYZER_NONNULL = YES;
				CLANG_ANALYZER_NUMBER_OBJECT_CONVERSION = YES_AGGRESSIVE;
				CLANG_CXX_LANGUAGE_STANDARD = "gnu++14";
				CLANG_CXX_LIBRARY = "libc++";
				CLANG_ENABLE_MODULES = YES;
				CLANG_ENABLE_OBJC_ARC = YES;
				CLANG_ENABLE_OBJC_WEAK = YES;
				CLANG_WARN_BLOCK_CAPTURE_AUTORELEASING = YES;
				CLANG_WARN_BOOL_CONVERSION = YES;
				CLANG_WARN_COMMA = YES;
				CLANG_WARN_CONSTANT_CONVERSION = YES;
				CLANG_WARN_DEPRECATED_OBJC_IMPLEMENTATIONS = YES;
				CLANG_WARN_DIRECT_OBJC_ISA_USAGE = YES_ERROR;
				CLANG_WARN_DOCUMENTATION_COMMENTS = YES;
				CLANG_WARN_EMPTY_BODY = YES;
				CLANG_WARN_ENUM_CONVERSION = YES;
				CLANG_WARN_INFINITE_RECURSION = YES;
				CLANG_WARN_INT_CONVERSION = YES;
				CLANG_WARN_NON_LITERAL_NULL_CONVERSION = YES;
				CLANG_WARN_OBJC_IMPLICIT_RETAIN_SELF = YES;
				CLANG_WARN_OBJC_LITERAL_CONVERSION = YES;
				CLANG_WARN_OBJC_ROOT_CLASS = YES_ERROR;
				CLANG_WARN_RANGE_LOOP_ANALYSIS = YES;
				CLANG_WARN_STRICT_PROTOTYPES = YES;
				CLANG_WARN_SUSPICIOUS_MOVE = YES;
				CLANG_WARN_UNGUARDED_AVAILABILITY = YES_AGGRESSIVE;
				CLANG_WARN_UNREACHABLE_CODE = YES;
				CLANG_WARN__DUPLICATE_METHOD_MATCH = YES;
				CODE_SIGN_IDENTITY = "iPhone Developer";
				COPY_PHASE_STRIP = NO;
				DEBUG_INFORMATION_FORMAT = "dwarf-with-dsym";
				ENABLE_NS_ASSERTIONS = NO;
				ENABLE_STRICT_OBJC_MSGSEND = YES;
				GCC_C_LANGUAGE_STANDARD = gnu11;
				GCC_NO_COMMON_BLOCKS = YES;
				GCC_WARN_64_TO_32_BIT_CONVERSION = YES;
				GCC_WARN_ABOUT_RETURN_TYPE = YES_ERROR;
				GCC_WARN_UNDECLARED_SELECTOR = YES;
				GCC_WARN_UNINITIALIZED_AUTOS = YES_AGGRESSIVE;
				GCC_WARN_UNUSED_FUNCTION = YES;
				GCC_WARN_UNUSED_VARIABLE = YES;
				IPHONEOS_DEPLOYMENT_TARGET = 12.0;
				MTL_ENABLE_DEBUG_INFO = NO;
				MTL_FAST_MATH = YES;
				SDKROOT = iphoneos;
				SWIFT_COMPILATION_MODE = wholemodule;
				SWIFT_OPTIMIZATION_LEVEL = "-O";
				VALIDATE_PRODUCT = YES;
			};
			name = Release;
		};
		ED705AF4218507C4005D0B17 /* Debug */ = {
			isa = XCBuildConfiguration;
			baseConfigurationReference = 10D947ED3C0CE9E12C994A06 /* Pods-Reddit-Gallery.debug.xcconfig */;
			buildSettings = {
				ASSETCATALOG_COMPILER_APPICON_NAME = AppIcon;
				CODE_SIGN_STYLE = Automatic;
				DEVELOPMENT_TEAM = 5USU3QG354;
				ENABLE_BITCODE = NO;
				INFOPLIST_FILE = "Reddit-Gallery/Info.plist";
				IPHONEOS_DEPLOYMENT_TARGET = 11.0;
				LD_RUNPATH_SEARCH_PATHS = (
					"$(inherited)",
					"@executable_path/Frameworks",
				);
				PRODUCT_BUNDLE_IDENTIFIER = "jtcodes.Reddit-Gallery";
				PRODUCT_NAME = "$(TARGET_NAME)";
				SWIFT_VERSION = 4.2;
				TARGETED_DEVICE_FAMILY = "1,2";
			};
			name = Debug;
		};
		ED705AF5218507C4005D0B17 /* Release */ = {
			isa = XCBuildConfiguration;
			baseConfigurationReference = 9A7522035CA98805DA4BE17E /* Pods-Reddit-Gallery.release.xcconfig */;
			buildSettings = {
				ASSETCATALOG_COMPILER_APPICON_NAME = AppIcon;
				CODE_SIGN_STYLE = Automatic;
				DEVELOPMENT_TEAM = 5USU3QG354;
				ENABLE_BITCODE = NO;
				INFOPLIST_FILE = "Reddit-Gallery/Info.plist";
				IPHONEOS_DEPLOYMENT_TARGET = 11.0;
				LD_RUNPATH_SEARCH_PATHS = (
					"$(inherited)",
					"@executable_path/Frameworks",
				);
				PRODUCT_BUNDLE_IDENTIFIER = "jtcodes.Reddit-Gallery";
				PRODUCT_NAME = "$(TARGET_NAME)";
				SWIFT_VERSION = 4.2;
				TARGETED_DEVICE_FAMILY = "1,2";
			};
			name = Release;
		};
		ED705AF7218507C4005D0B17 /* Debug */ = {
			isa = XCBuildConfiguration;
			baseConfigurationReference = BE09D1C7A41D0E3679EB7C27 /* Pods-Reddit-GalleryTests.debug.xcconfig */;
			buildSettings = {
				ALWAYS_EMBED_SWIFT_STANDARD_LIBRARIES = YES;
				BUNDLE_LOADER = "$(TEST_HOST)";
				CODE_SIGN_STYLE = Automatic;
				DEVELOPMENT_TEAM = 5USU3QG354;
				INFOPLIST_FILE = "Reddit-GalleryTests/Info.plist";
				LD_RUNPATH_SEARCH_PATHS = (
					"$(inherited)",
					"@executable_path/Frameworks",
					"@loader_path/Frameworks",
				);
				PRODUCT_BUNDLE_IDENTIFIER = "jtcodes.Reddit-GalleryTests";
				PRODUCT_NAME = "$(TARGET_NAME)";
				SWIFT_VERSION = 4.2;
				TARGETED_DEVICE_FAMILY = "1,2";
				TEST_HOST = "$(BUILT_PRODUCTS_DIR)/Reddit-Gallery.app/Reddit-Gallery";
			};
			name = Debug;
		};
		ED705AF8218507C4005D0B17 /* Release */ = {
			isa = XCBuildConfiguration;
			baseConfigurationReference = 865F71128FF08EC23EEE10F9 /* Pods-Reddit-GalleryTests.release.xcconfig */;
			buildSettings = {
				ALWAYS_EMBED_SWIFT_STANDARD_LIBRARIES = YES;
				BUNDLE_LOADER = "$(TEST_HOST)";
				CODE_SIGN_STYLE = Automatic;
				DEVELOPMENT_TEAM = 5USU3QG354;
				INFOPLIST_FILE = "Reddit-GalleryTests/Info.plist";
				LD_RUNPATH_SEARCH_PATHS = (
					"$(inherited)",
					"@executable_path/Frameworks",
					"@loader_path/Frameworks",
				);
				PRODUCT_BUNDLE_IDENTIFIER = "jtcodes.Reddit-GalleryTests";
				PRODUCT_NAME = "$(TARGET_NAME)";
				SWIFT_VERSION = 4.2;
				TARGETED_DEVICE_FAMILY = "1,2";
				TEST_HOST = "$(BUILT_PRODUCTS_DIR)/Reddit-Gallery.app/Reddit-Gallery";
			};
			name = Release;
		};
		ED705AFA218507C4005D0B17 /* Debug */ = {
			isa = XCBuildConfiguration;
			baseConfigurationReference = 20360110EB1EAB168B5F0AED /* Pods-Reddit-GalleryUITests.debug.xcconfig */;
			buildSettings = {
				ALWAYS_EMBED_SWIFT_STANDARD_LIBRARIES = YES;
				CODE_SIGN_STYLE = Automatic;
				DEVELOPMENT_TEAM = 5USU3QG354;
				INFOPLIST_FILE = "Reddit-GalleryUITests/Info.plist";
				LD_RUNPATH_SEARCH_PATHS = (
					"$(inherited)",
					"@executable_path/Frameworks",
					"@loader_path/Frameworks",
				);
				PRODUCT_BUNDLE_IDENTIFIER = "jtcodes.Reddit-GalleryUITests";
				PRODUCT_NAME = "$(TARGET_NAME)";
				SWIFT_VERSION = 4.2;
				TARGETED_DEVICE_FAMILY = "1,2";
				TEST_TARGET_NAME = "Reddit-Gallery";
			};
			name = Debug;
		};
		ED705AFB218507C4005D0B17 /* Release */ = {
			isa = XCBuildConfiguration;
			baseConfigurationReference = D1A1DFC28026FE7DC2418C59 /* Pods-Reddit-GalleryUITests.release.xcconfig */;
			buildSettings = {
				ALWAYS_EMBED_SWIFT_STANDARD_LIBRARIES = YES;
				CODE_SIGN_STYLE = Automatic;
				DEVELOPMENT_TEAM = 5USU3QG354;
				INFOPLIST_FILE = "Reddit-GalleryUITests/Info.plist";
				LD_RUNPATH_SEARCH_PATHS = (
					"$(inherited)",
					"@executable_path/Frameworks",
					"@loader_path/Frameworks",
				);
				PRODUCT_BUNDLE_IDENTIFIER = "jtcodes.Reddit-GalleryUITests";
				PRODUCT_NAME = "$(TARGET_NAME)";
				SWIFT_VERSION = 4.2;
				TARGETED_DEVICE_FAMILY = "1,2";
				TEST_TARGET_NAME = "Reddit-Gallery";
			};
			name = Release;
		};
/* End XCBuildConfiguration section */

/* Begin XCConfigurationList section */
		ED705AC6218507C3005D0B17 /* Build configuration list for PBXProject "Reddit-Gallery" */ = {
			isa = XCConfigurationList;
			buildConfigurations = (
				ED705AF1218507C4005D0B17 /* Debug */,
				ED705AF2218507C4005D0B17 /* Release */,
			);
			defaultConfigurationIsVisible = 0;
			defaultConfigurationName = Release;
		};
		ED705AF3218507C4005D0B17 /* Build configuration list for PBXNativeTarget "Reddit-Gallery" */ = {
			isa = XCConfigurationList;
			buildConfigurations = (
				ED705AF4218507C4005D0B17 /* Debug */,
				ED705AF5218507C4005D0B17 /* Release */,
			);
			defaultConfigurationIsVisible = 0;
			defaultConfigurationName = Release;
		};
		ED705AF6218507C4005D0B17 /* Build configuration list for PBXNativeTarget "Reddit-GalleryTests" */ = {
			isa = XCConfigurationList;
			buildConfigurations = (
				ED705AF7218507C4005D0B17 /* Debug */,
				ED705AF8218507C4005D0B17 /* Release */,
			);
			defaultConfigurationIsVisible = 0;
			defaultConfigurationName = Release;
		};
		ED705AF9218507C4005D0B17 /* Build configuration list for PBXNativeTarget "Reddit-GalleryUITests" */ = {
			isa = XCConfigurationList;
			buildConfigurations = (
				ED705AFA218507C4005D0B17 /* Debug */,
				ED705AFB218507C4005D0B17 /* Release */,
			);
			defaultConfigurationIsVisible = 0;
			defaultConfigurationName = Release;
		};
/* End XCConfigurationList section */
	};
	rootObject = ED705AC3218507C3005D0B17 /* Project object */;
}
